{
    "_meta": {
        "hash": {
            "sha256": "eb84b1b36de3f5aea48836c3a115f79b80e4f116c70c189d5d230bbb5d100a71"
        },
        "pipfile-spec": 6,
        "requires": {
            "python_version": "3.8"
        },
        "sources": [
            {
                "name": "pypi",
                "url": "https://pypi.org/simple",
                "verify_ssl": true
            }
        ]
    },
    "default": {
        "pyaes": {
            "hashes": [
                "sha256:02c1b1405c38d3c370b085fb952dd8bea3fadcee6411ad99f312cc129c536d8f"
            ],
            "version": "==1.6.1"
        },
        "pyasn1": {
            "hashes": [
                "sha256:62cdade8b5530f0b185e09855dd422bc05c0bbff6b72ff61381c09dac7befd8c",
                "sha256:a9495356ca1d66ed197a0f72b41eb1823cf7ea8b5bd07191673e8147aecf8604"
            ],
            "version": "==0.4.7"
        },
        "rsa": {
            "hashes": [
                "sha256:14ba45700ff1ec9eeb206a2ce76b32814958a98e372006c8fb76ba820211be66",
                "sha256:1a836406405730121ae9823e19c6e806c62bbad73f890574fff50efa4122c487"
            ],
            "version": "==4.0"
        },
        "telethon": {
            "hashes": [
                "sha256:472a03c54148fc99f15475886f51aaea2501dfe741f7fcf91ba33a800358aad8",
                "sha256:af88697e2e2faf724dd8c42ff50842bfaa6631f55ea3f8fc35ceb1dda6c11fec"
            ],
            "index": "pypi",
            "version": "==1.10.8"
        }
    },
    "develop": {}
}
